
Microsoft Visual Studio Solution File, Format Version 12.00
# Visual Studio Version 17
VisualStudioVersion = 17.7.34221.43
MinimumVisualStudioVersion = 10.0.40219.1
Project("{9A19103F-16F7-4668-BE54-9A1E7A4F7556}") = "BankMonthly", "MinCal\BankMonthly.csproj", "{2EE4E6AF-5B4C-4E88-9BE3-C6D5F2EC9381}"
EndProject
Project("{9A19103F-16F7-4668-BE54-9A1E7A4F7556}") = "UnitTest", "UnitTest\UnitTest.csproj", "{C551B09F-F8E2-4FA8-9D3E-E3E3F9F945D7}"
EndProject
Global
	GlobalSection(SolutionConfigurationPlatforms) = preSolution
		Debug|Any CPU = Debug|Any CPU
		Release|Any CPU = Release|Any CPU
	EndGlobalSection
	GlobalSection(ProjectConfigurationPlatforms) = postSolution
		{2EE4E6AF-5B4C-4E88-9BE3-C6D5F2EC9381}.Debug|Any CPU.ActiveCfg = Debug|Any CPU
		{2EE4E6AF-5B4C-4E88-9BE3-C6D5F2EC9381}.Debug|Any CPU.Build.0 = Debug|Any CPU
		{2EE4E6AF-5B4C-4E88-9BE3-C6D5F2EC9381}.Release|Any CPU.ActiveCfg = Release|Any CPU
		{2EE4E6AF-5B4C-4E88-9BE3-C6D5F2EC9381}.Release|Any CPU.Build.0 = Release|Any CPU
		{C551B09F-F8E2-4FA8-9D3E-E3E3F9F945D7}.Debug|Any CPU.ActiveCfg = Debug|Any CPU
		{C551B09F-F8E2-4FA8-9D3E-E3E3F9F945D7}.Debug|Any CPU.Build.0 = Debug|Any CPU
		{C551B09F-F8E2-4FA8-9D3E-E3E3F9F945D7}.Release|Any CPU.ActiveCfg = Release|Any CPU
		{C551B09F-F8E2-4FA8-9D3E-E3E3F9F945D7}.Release|Any CPU.Build.0 = Release|Any CPU
	EndGlobalSection
	GlobalSection(SolutionProperties) = preSolution
		HideSolutionNode = FALSE
	EndGlobalSection
	GlobalSection(ExtensibilityGlobals) = postSolution
		SolutionGuid = {0ABAAF6A-4876-4631-A115-E1C104DE2F18}
	EndGlobalSection
EndGlobal
